{
  "requires": true,
  "lockfileVersion": 1,
  "dependencies": {
    "angular": {
      "version": "1.7.9",
      "resolved": "https://registry.npmjs.org/angular/-/angular-1.7.9.tgz",
      "integrity": "sha512-5se7ZpcOtu0MBFlzGv5dsM1quQDoDeUTwZrWjGtTNA7O88cD8TEk5IEKCTDa3uECV9XnvKREVUr7du1ACiWGFQ=="
    }
  }
}
